{
  "originHash" : "4db065f082652d68be2e73bc63e63e411272fc7585d39bbaf2805484aec385cf",
  "pins" : [
    {
      "identity" : "danger-swift-coverage",
      "kind" : "remoteSourceControl",
      "location" : "https://github.com/f-meloni/danger-swift-coverage",
      "state" : {
        "revision" : "6a21a6e595e2b13443428942ce128b3ba6b827ee",
        "version" : "1.2.1"
      }
    },
    {
      "identity" : "logger",
      "kind" : "remoteSourceControl",
      "location" : "https://github.com/shibapm/Logger",
      "state" : {
        "revision" : "53c3ecca5abe8cf46697e33901ee774236d94cce",
        "version" : "0.2.3"
      }
    },
    {
      "identity" : "octokit.swift",
      "kind" : "remoteSourceControl",
      "location" : "https://github.com/nerdishbynature/octokit.swift",
      "state" : {
        "revision" : "cd108b387782d8509e64e298cf4800dc47fc40ae",
        "version" : "0.14.0"
      }
    },
    {
      "identity" : "requestkit",
      "kind" : "remoteSourceControl",
      "location" : "https://github.com/nerdishbynature/RequestKit.git",
      "state" : {
        "revision" : "e4d905fed938807e36d87f28375f88b7c1c26840",
        "version" : "3.3.0"
      }
    },
    {
      "identity" : "swift",
      "kind" : "remoteSourceControl",
      "location" : "https://github.com/danger/swift.git",
      "state" : {
        "revision" : "2dc204311befdf33eae93dec92a1f059ca673425",
        "version" : "3.22.0"
      }
    },
    {
      "identity" : "version",
      "kind" : "remoteSourceControl",
      "location" : "https://github.com/mxcl/Version",
      "state" : {
        "revision" : "67ce582bb9de70e1eb2ee41fd71aad3b5f86d97b",
        "version" : "2.2.0"
      }
    }
  ],
  "version" : 3
}
