{
  "originHash" : "acd9400ccbdd9c22cfbe67b211f1d71f9247b08d269099abaf4419724d76c643",
  "pins" : [
    {
      "identity" : "prefire",
      "kind" : "remoteSourceControl",
      "location" : "https://github.com/BarredEwe/Prefire.git",
      "state" : {
        "revision" : "6986d001061e5a41e31cc1f9ea70e427c8435568",
        "version" : "5.4.1"
      }
    },
    {
      "identity" : "swiftgenplugin",
      "kind" : "remoteSourceControl",
      "location" : "https://github.com/SwiftGen/SwiftGenPlugin",
      "state" : {
        "revision" : "879b85a470cacd70c19e22eb7e11a3aed66f4068",
        "version" : "6.6.2"
      }
    }
  ],
  "version" : 3
}
