// !$*UTF8*$!
{
	archiveVersion = 1;
	classes = {
	};
	objectVersion = 77;
	objects = {

/* Begin PBXBuildFile section */
		BC0CF70D2E77B3A500DC31CA /* FirebaseMessaging in Frameworks */ = {isa = PBXBuildFile; productRef = BC0CF70C2E77B3A500DC31CA /* FirebaseMessaging */; };
		BC0CF7122E7863B500DC31CA /* FirebaseFunctions in Frameworks */ = {isa = PBXBuildFile; productRef = BC0CF7112E7863B500DC31CA /* FirebaseFunctions */; };
		BC1BB2722E909B99001D168F /* SnapshotTesting in Frameworks */ = {isa = PBXBuildFile; productRef = BC1BB2712E909B99001D168F /* SnapshotTesting */; };
		BC1BB4922E90FE4B001D168F /* snapshotTesting.xctestplan in Resources */ = {isa = PBXBuildFile; fileRef = BC1BB4912E90FE4B001D168F /* snapshotTesting.xctestplan */; };
		BC2E372C2E3DE189005BD910 /* FirebaseAuth in Frameworks */ = {isa = PBXBuildFile; productRef = BC2E372B2E3DE189005BD910 /* FirebaseAuth */; };
		BC4701FB2E9A0F3D006CC530 /* Prefire in Frameworks */ = {isa = PBXBuildFile; productRef = BC4701FA2E9A0F3D006CC530 /* Prefire */; };
		BC4703642E9CF66E006CC530 /* CI.xctestplan in Resources */ = {isa = PBXBuildFile; fileRef = BC4703632E9CF66D006CC530 /* CI.xctestplan */; };
		BC47E6A62E47240F00308562 /* FirebaseFirestore in Frameworks */ = {isa = PBXBuildFile; productRef = BC47E6A52E47240F00308562 /* FirebaseFirestore */; };
		BC7469472DBCBE71007E4222 /* PrivacyInfo.xcprivacy in Resources */ = {isa = PBXBuildFile; fileRef = BC7469462DBCBE71007E4222 /* PrivacyInfo.xcprivacy */; };
		BCB8DAFE2E36FC7200FFB4E1 /* FirebaseAnalytics in Frameworks */ = {isa = PBXBuildFile; productRef = BCB8DAFD2E36FC7200FFB4E1 /* FirebaseAnalytics */; };
		BCB8DB182E37B3F900FFB4E1 /* FirebaseCrashlytics in Frameworks */ = {isa = PBXBuildFile; productRef = BCB8DB172E37B3F900FFB4E1 /* FirebaseCrashlytics */; };
/* End PBXBuildFile section */

/* Begin PBXContainerItemProxy section */
		BC1BB26C2E909B8C001D168F /* PBXContainerItemProxy */ = {
			isa = PBXContainerItemProxy;
			containerPortal = BCC853ED2DB74BBC00C9A44B /* Project object */;
			proxyType = 1;
			remoteGlobalIDString = BCC853F42DB74BBC00C9A44B;
			remoteInfo = homete;
		};
		BCC854032DB74BBF00C9A44B /* PBXContainerItemProxy */ = {
			isa = PBXContainerItemProxy;
			containerPortal = BCC853ED2DB74BBC00C9A44B /* Project object */;
			proxyType = 1;
			remoteGlobalIDString = BCC853F42DB74BBC00C9A44B;
			remoteInfo = homete;
		};
/* End PBXContainerItemProxy section */

/* Begin PBXFileReference section */
		BC1BB2682E909B8C001D168F /* hometeSnapshotTests.xctest */ = {isa = PBXFileReference; explicitFileType = wrapper.cfbundle; includeInIndex = 0; path = hometeSnapshotTests.xctest; sourceTree = BUILT_PRODUCTS_DIR; };
		BC1BB4912E90FE4B001D168F /* snapshotTesting.xctestplan */ = {isa = PBXFileReference; lastKnownFileType = text; path = snapshotTesting.xctestplan; sourceTree = "<group>"; };
		BC4703632E9CF66D006CC530 /* CI.xctestplan */ = {isa = PBXFileReference; lastKnownFileType = text; path = CI.xctestplan; sourceTree = "<group>"; };
		BC5204662DB7BEFD0097472D /* homete.xctestplan */ = {isa = PBXFileReference; lastKnownFileType = text; path = homete.xctestplan; sourceTree = "<group>"; };
		BC7469462DBCBE71007E4222 /* PrivacyInfo.xcprivacy */ = {isa = PBXFileReference; lastKnownFileType = text.xml; path = PrivacyInfo.xcprivacy; sourceTree = "<group>"; };
		BCC853F52DB74BBC00C9A44B /* homete.app */ = {isa = PBXFileReference; explicitFileType = wrapper.application; includeInIndex = 0; path = homete.app; sourceTree = BUILT_PRODUCTS_DIR; };
		BCC854022DB74BBF00C9A44B /* hometeTests.xctest */ = {isa = PBXFileReference; explicitFileType = wrapper.cfbundle; includeInIndex = 0; path = hometeTests.xctest; sourceTree = BUILT_PRODUCTS_DIR; };
/* End PBXFileReference section */

/* Begin PBXFileSystemSynchronizedBuildFileExceptionSet section */
		BCBBCEB02E4A176100404667 /* Exceptions for "homete" folder in "homete" target */ = {
			isa = PBXFileSystemSynchronizedBuildFileExceptionSet;
			membershipExceptions = (
				Info.plist,
			);
			target = BCC853F42DB74BBC00C9A44B /* homete */;
		};
/* End PBXFileSystemSynchronizedBuildFileExceptionSet section */

/* Begin PBXFileSystemSynchronizedRootGroup section */
		BC1BB2692E909B8C001D168F /* hometeSnapshotTests */ = {
			isa = PBXFileSystemSynchronizedRootGroup;
			path = hometeSnapshotTests;
			sourceTree = "<group>";
		};
		BCC853F72DB74BBC00C9A44B /* homete */ = {
			isa = PBXFileSystemSynchronizedRootGroup;
			exceptions = (
				BCBBCEB02E4A176100404667 /* Exceptions for "homete" folder in "homete" target */,
			);
			path = homete;
			sourceTree = "<group>";
		};
		BCC854052DB74BBF00C9A44B /* hometeTests */ = {
			isa = PBXFileSystemSynchronizedRootGroup;
			path = hometeTests;
			sourceTree = "<group>";
		};
/* End PBXFileSystemSynchronizedRootGroup section */

/* Begin PBXFrameworksBuildPhase section */
		BC1BB2652E909B8C001D168F /* Frameworks */ = {
			isa = PBXFrameworksBuildPhase;
			buildActionMask = 2147483647;
			files = (
				BC4701FB2E9A0F3D006CC530 /* Prefire in Frameworks */,
				BC1BB2722E909B99001D168F /* SnapshotTesting in Frameworks */,
			);
			runOnlyForDeploymentPostprocessing = 0;
		};
		BCC853F22DB74BBC00C9A44B /* Frameworks */ = {
			isa = PBXFrameworksBuildPhase;
			buildActionMask = 2147483647;
			files = (
				BCB8DAFE2E36FC7200FFB4E1 /* FirebaseAnalytics in Frameworks */,
				BC47E6A62E47240F00308562 /* FirebaseFirestore in Frameworks */,
				BC0CF70D2E77B3A500DC31CA /* FirebaseMessaging in Frameworks */,
				BC0CF7122E7863B500DC31CA /* FirebaseFunctions in Frameworks */,
				BC2E372C2E3DE189005BD910 /* FirebaseAuth in Frameworks */,
				BCB8DB182E37B3F900FFB4E1 /* FirebaseCrashlytics in Frameworks */,
			);
			runOnlyForDeploymentPostprocessing = 0;
		};
		BCC853FF2DB74BBF00C9A44B /* Frameworks */ = {
			isa = PBXFrameworksBuildPhase;
			buildActionMask = 2147483647;
			files = (
			);
			runOnlyForDeploymentPostprocessing = 0;
		};
/* End PBXFrameworksBuildPhase section */

/* Begin PBXGroup section */
		BCB8DB162E37B3F900FFB4E1 /* Frameworks */ = {
			isa = PBXGroup;
			children = (
			);
			name = Frameworks;
			sourceTree = "<group>";
		};
		BCC853EC2DB74BBC00C9A44B = {
			isa = PBXGroup;
			children = (
				BC4703632E9CF66D006CC530 /* CI.xctestplan */,
				BC1BB4912E90FE4B001D168F /* snapshotTesting.xctestplan */,
				BC7469462DBCBE71007E4222 /* PrivacyInfo.xcprivacy */,
				BC5204662DB7BEFD0097472D /* homete.xctestplan */,
				BCC853F72DB74BBC00C9A44B /* homete */,
				BCC854052DB74BBF00C9A44B /* hometeTests */,
				BC1BB2692E909B8C001D168F /* hometeSnapshotTests */,
				BCB8DB162E37B3F900FFB4E1 /* Frameworks */,
				BCC853F62DB74BBC00C9A44B /* Products */,
			);
			sourceTree = "<group>";
		};
		BCC853F62DB74BBC00C9A44B /* Products */ = {
			isa = PBXGroup;
			children = (
				BCC853F52DB74BBC00C9A44B /* homete.app */,
				BCC854022DB74BBF00C9A44B /* hometeTests.xctest */,
				BC1BB2682E909B8C001D168F /* hometeSnapshotTests.xctest */,
			);
			name = Products;
			sourceTree = "<group>";
		};
/* End PBXGroup section */

/* Begin PBXNativeTarget section */
		BC1BB2672E909B8C001D168F /* hometeSnapshotTests */ = {
			isa = PBXNativeTarget;
			buildConfigurationList = BC1BB26E2E909B8C001D168F /* Build configuration list for PBXNativeTarget "hometeSnapshotTests" */;
			buildPhases = (
				BC1BB2642E909B8C001D168F /* Sources */,
				BC1BB2652E909B8C001D168F /* Frameworks */,
				BC1BB2662E909B8C001D168F /* Resources */,
			);
			buildRules = (
			);
			dependencies = (
				BC4701FD2E9A0F49006CC530 /* PBXTargetDependency */,
				BC1BB26D2E909B8C001D168F /* PBXTargetDependency */,
			);
			fileSystemSynchronizedGroups = (
				BC1BB2692E909B8C001D168F /* hometeSnapshotTests */,
			);
			name = hometeSnapshotTests;
			packageProductDependencies = (
				BC1BB2712E909B99001D168F /* SnapshotTesting */,
				BC4701FA2E9A0F3D006CC530 /* Prefire */,
			);
			productName = hometeSnapshotTests;
			productReference = BC1BB2682E909B8C001D168F /* hometeSnapshotTests.xctest */;
			productType = "com.apple.product-type.bundle.unit-test";
		};
		BCC853F42DB74BBC00C9A44B /* homete */ = {
			isa = PBXNativeTarget;
			buildConfigurationList = BCC854162DB74BBF00C9A44B /* Build configuration list for PBXNativeTarget "homete" */;
			buildPhases = (
				BC70E19B2E4869090000C1BD /* Run Swift Lint */,
				BCC853F12DB74BBC00C9A44B /* Sources */,
				BCC853F22DB74BBC00C9A44B /* Frameworks */,
				BCC853F32DB74BBC00C9A44B /* Resources */,
				BCB8DB192E37B43600FFB4E1 /* Run Upload dSYM */,
			);
			buildRules = (
			);
			dependencies = (
			);
			fileSystemSynchronizedGroups = (
				BCC853F72DB74BBC00C9A44B /* homete */,
			);
			name = homete;
			packageProductDependencies = (
				BCB8DAFD2E36FC7200FFB4E1 /* FirebaseAnalytics */,
				BCB8DB172E37B3F900FFB4E1 /* FirebaseCrashlytics */,
				BC2E372B2E3DE189005BD910 /* FirebaseAuth */,
				BC47E6A52E47240F00308562 /* FirebaseFirestore */,
				BC0CF70C2E77B3A500DC31CA /* FirebaseMessaging */,
				BC0CF7112E7863B500DC31CA /* FirebaseFunctions */,
			);
			productName = homete;
			productReference = BCC853F52DB74BBC00C9A44B /* homete.app */;
			productType = "com.apple.product-type.application";
		};
		BCC854012DB74BBF00C9A44B /* hometeTests */ = {
			isa = PBXNativeTarget;
			buildConfigurationList = BCC854192DB74BBF00C9A44B /* Build configuration list for PBXNativeTarget "hometeTests" */;
			buildPhases = (
				BC70E19C2E48DC220000C1BD /* Run Swift Lint */,
				BCC853FE2DB74BBF00C9A44B /* Sources */,
				BCC853FF2DB74BBF00C9A44B /* Frameworks */,
				BCC854002DB74BBF00C9A44B /* Resources */,
			);
			buildRules = (
			);
			dependencies = (
				BCC854042DB74BBF00C9A44B /* PBXTargetDependency */,
			);
			fileSystemSynchronizedGroups = (
				BCC854052DB74BBF00C9A44B /* hometeTests */,
			);
			name = hometeTests;
			packageProductDependencies = (
			);
			productName = hometeTests;
			productReference = BCC854022DB74BBF00C9A44B /* hometeTests.xctest */;
			productType = "com.apple.product-type.bundle.unit-test";
		};
/* End PBXNativeTarget section */

/* Begin PBXProject section */
		BCC853ED2DB74BBC00C9A44B /* Project object */ = {
			isa = PBXProject;
			attributes = {
				BuildIndependentTargetsInParallel = 1;
				LastSwiftUpdateCheck = 2600;
				LastUpgradeCheck = 1630;
				TargetAttributes = {
					BC1BB2672E909B8C001D168F = {
						CreatedOnToolsVersion = 26.0;
						TestTargetID = BCC853F42DB74BBC00C9A44B;
					};
					BCC853F42DB74BBC00C9A44B = {
						CreatedOnToolsVersion = 16.3;
					};
					BCC854012DB74BBF00C9A44B = {
						CreatedOnToolsVersion = 16.3;
						LastSwiftMigration = 1640;
						TestTargetID = BCC853F42DB74BBC00C9A44B;
					};
				};
			};
			buildConfigurationList = BCC853F02DB74BBC00C9A44B /* Build configuration list for PBXProject "homete" */;
			developmentRegion = en;
			hasScannedForEncodings = 0;
			knownRegions = (
				en,
				Base,
				ja,
			);
			mainGroup = BCC853EC2DB74BBC00C9A44B;
			minimizedProjectReferenceProxies = 1;
			packageReferences = (
				BCB8DAFC2E36FC7100FFB4E1 /* XCRemoteSwiftPackageReference "firebase-ios-sdk" */,
				BC1BB2612E909B50001D168F /* XCRemoteSwiftPackageReference "swift-snapshot-testing" */,
				BC4701F92E9A0F3D006CC530 /* XCRemoteSwiftPackageReference "Prefire" */,
			);
			preferredProjectObjectVersion = 77;
			productRefGroup = BCC853F62DB74BBC00C9A44B /* Products */;
			projectDirPath = "";
			projectRoot = "";
			targets = (
				BCC853F42DB74BBC00C9A44B /* homete */,
				BCC854012DB74BBF00C9A44B /* hometeTests */,
				BC1BB2672E909B8C001D168F /* hometeSnapshotTests */,
			);
		};
/* End PBXProject section */

/* Begin PBXResourcesBuildPhase section */
		BC1BB2662E909B8C001D168F /* Resources */ = {
			isa = PBXResourcesBuildPhase;
			buildActionMask = 2147483647;
			files = (
			);
			runOnlyForDeploymentPostprocessing = 0;
		};
		BCC853F32DB74BBC00C9A44B /* Resources */ = {
			isa = PBXResourcesBuildPhase;
			buildActionMask = 2147483647;
			files = (
				BC7469472DBCBE71007E4222 /* PrivacyInfo.xcprivacy in Resources */,
				BC4703642E9CF66E006CC530 /* CI.xctestplan in Resources */,
				BC1BB4922E90FE4B001D168F /* snapshotTesting.xctestplan in Resources */,
			);
			runOnlyForDeploymentPostprocessing = 0;
		};
		BCC854002DB74BBF00C9A44B /* Resources */ = {
			isa = PBXResourcesBuildPhase;
			buildActionMask = 2147483647;
			files = (
			);
			runOnlyForDeploymentPostprocessing = 0;
		};
/* End PBXResourcesBuildPhase section */

/* Begin PBXShellScriptBuildPhase section */
		BC70E19B2E4869090000C1BD /* Run Swift Lint */ = {
			isa = PBXShellScriptBuildPhase;
			alwaysOutOfDate = 1;
			buildActionMask = 2147483647;
			files = (
			);
			inputFileListPaths = (
			);
			inputPaths = (
			);
			name = "Run Swift Lint";
			outputFileListPaths = (
			);
			outputPaths = (
			);
			runOnlyForDeploymentPostprocessing = 0;
			shellPath = /bin/sh;
			shellScript = "# Type a script or drag a script file from your workspace to insert its path.\nif [ \"$ENABLE_PREVIEWS\" = \"NO\" ]; then\n    echo \"run format\"\nelse\n    echo \"skip format\"\nfi\n\nif [ -z \"$CI\" ]; then\n    $SWIFT_LINT_CMD\nfi\n";
		};
		BC70E19C2E48DC220000C1BD /* Run Swift Lint */ = {
			isa = PBXShellScriptBuildPhase;
			alwaysOutOfDate = 1;
			buildActionMask = 2147483647;
			files = (
			);
			inputFileListPaths = (
			);
			inputPaths = (
			);
			name = "Run Swift Lint";
			outputFileListPaths = (
			);
			outputPaths = (
			);
			runOnlyForDeploymentPostprocessing = 0;
			shellPath = /bin/sh;
			shellScript = "# Type a script or drag a script file from your workspace to insert its path.\nif [ -z \"$CI\" ]; then\n    $SWIFT_LINT_CMD\nfi\n";
		};
		BCB8DB192E37B43600FFB4E1 /* Run Upload dSYM */ = {
			isa = PBXShellScriptBuildPhase;
			buildActionMask = 2147483647;
			files = (
			);
			inputFileListPaths = (
			);
			inputPaths = (
				"${DWARF_DSYM_FOLDER_PATH}/${DWARF_DSYM_FILE_NAME}",
				"${DWARF_DSYM_FOLDER_PATH}/${DWARF_DSYM_FILE_NAME}/Contents/Resources/DWARF/${PRODUCT_NAME}",
				"${DWARF_DSYM_FOLDER_PATH}/${DWARF_DSYM_FILE_NAME}/Contents/Info.plist",
				"$(TARGET_BUILD_DIR)/$(UNLOCALIZED_RESOURCES_FOLDER_PATH)/GoogleService-Info.plist",
				"$(TARGET_BUILD_DIR)/$(EXECUTABLE_PATH)",
				"${DWARF_DSYM_FOLDER_PATH}/${DWARF_DSYM_FILE_NAME}/Contents/Resources/DWARF/${PRODUCT_NAME}.debug.dylib",
			);
			name = "Run Upload dSYM";
			outputFileListPaths = (
			);
			outputPaths = (
			);
			runOnlyForDeploymentPostprocessing = 0;
			shellPath = /bin/sh;
			shellScript = "# Type a script or drag a script file from your workspace to insert its path.\nif [ \"$CONFIGURATION\" != \"Debug\" ] && [ \"$IS_RELEASE\" ]; then\n    \"${BUILD_DIR%/Build/*}/SourcePackages/checkouts/firebase-ios-sdk/Crashlytics/run\"\nelse\n    echo \"do not upload dsym.\"\nfi\n";
		};
/* End PBXShellScriptBuildPhase section */

/* Begin PBXSourcesBuildPhase section */
		BC1BB2642E909B8C001D168F /* Sources */ = {
			isa = PBXSourcesBuildPhase;
			buildActionMask = 2147483647;
			files = (
			);
			runOnlyForDeploymentPostprocessing = 0;
		};
		BCC853F12DB74BBC00C9A44B /* Sources */ = {
			isa = PBXSourcesBuildPhase;
			buildActionMask = 2147483647;
			files = (
			);
			runOnlyForDeploymentPostprocessing = 0;
		};
		BCC853FE2DB74BBF00C9A44B /* Sources */ = {
			isa = PBXSourcesBuildPhase;
			buildActionMask = 2147483647;
			files = (
			);
			runOnlyForDeploymentPostprocessing = 0;
		};
/* End PBXSourcesBuildPhase section */

/* Begin PBXTargetDependency section */
		BC1BB26D2E909B8C001D168F /* PBXTargetDependency */ = {
			isa = PBXTargetDependency;
			target = BCC853F42DB74BBC00C9A44B /* homete */;
			targetProxy = BC1BB26C2E909B8C001D168F /* PBXContainerItemProxy */;
		};
		BC4701FD2E9A0F49006CC530 /* PBXTargetDependency */ = {
			isa = PBXTargetDependency;
			productRef = BC4701FC2E9A0F49006CC530 /* PrefireTestsPlugin */;
		};
		BCC854042DB74BBF00C9A44B /* PBXTargetDependency */ = {
			isa = PBXTargetDependency;
			target = BCC853F42DB74BBC00C9A44B /* homete */;
			targetProxy = BCC854032DB74BBF00C9A44B /* PBXContainerItemProxy */;
		};
/* End PBXTargetDependency section */

/* Begin XCBuildConfiguration section */
		BC1BB26F2E909B8C001D168F /* Debug */ = {
			isa = XCBuildConfiguration;
			buildSettings = {
				BUNDLE_LOADER = "$(TEST_HOST)";
				CODE_SIGN_STYLE = Automatic;
				CURRENT_PROJECT_VERSION = 1;
				DEVELOPMENT_TEAM = 56LYVN6DMF;
				GENERATE_INFOPLIST_FILE = YES;
				IPHONEOS_DEPLOYMENT_TARGET = 17.0;
				MARKETING_VERSION = 1.0;
				PRODUCT_BUNDLE_IDENTIFIER = taichi.satou.hometeSnapshotTests;
				PRODUCT_NAME = "$(TARGET_NAME)";
				STRING_CATALOG_GENERATE_SYMBOLS = NO;
				SUPPORTED_PLATFORMS = "iphoneos iphonesimulator";
				SUPPORTS_MACCATALYST = NO;
				SUPPORTS_MAC_DESIGNED_FOR_IPHONE_IPAD = NO;
				SUPPORTS_XR_DESIGNED_FOR_IPHONE_IPAD = NO;
				SWIFT_APPROACHABLE_CONCURRENCY = YES;
				SWIFT_EMIT_LOC_STRINGS = NO;
				SWIFT_UPCOMING_FEATURE_MEMBER_IMPORT_VISIBILITY = YES;
				SWIFT_VERSION = 5.0;
				TARGETED_DEVICE_FAMILY = "1,2";
				TEST_HOST = "$(BUILT_PRODUCTS_DIR)/homete.app/$(BUNDLE_EXECUTABLE_FOLDER_PATH)/homete";
			};
			name = Debug;
		};
		BC1BB2702E909B8C001D168F /* Release */ = {
			isa = XCBuildConfiguration;
			buildSettings = {
				BUNDLE_LOADER = "$(TEST_HOST)";
				CODE_SIGN_STYLE = Automatic;
				CURRENT_PROJECT_VERSION = 1;
				DEVELOPMENT_TEAM = 56LYVN6DMF;
				GENERATE_INFOPLIST_FILE = YES;
				IPHONEOS_DEPLOYMENT_TARGET = 17.0;
				MARKETING_VERSION = 1.0;
				PRODUCT_BUNDLE_IDENTIFIER = taichi.satou.hometeSnapshotTests;
				PRODUCT_NAME = "$(TARGET_NAME)";
				STRING_CATALOG_GENERATE_SYMBOLS = NO;
				SUPPORTED_PLATFORMS = "iphoneos iphonesimulator";
				SUPPORTS_MACCATALYST = NO;
				SUPPORTS_MAC_DESIGNED_FOR_IPHONE_IPAD = NO;
				SUPPORTS_XR_DESIGNED_FOR_IPHONE_IPAD = NO;
				SWIFT_APPROACHABLE_CONCURRENCY = YES;
				SWIFT_EMIT_LOC_STRINGS = NO;
				SWIFT_UPCOMING_FEATURE_MEMBER_IMPORT_VISIBILITY = YES;
				SWIFT_VERSION = 5.0;
				TARGETED_DEVICE_FAMILY = "1,2";
				TEST_HOST = "$(BUILT_PRODUCTS_DIR)/homete.app/$(BUNDLE_EXECUTABLE_FOLDER_PATH)/homete";
			};
			name = Release;
		};
		BCC854142DB74BBF00C9A44B /* Debug */ = {
			isa = XCBuildConfiguration;
			baseConfigurationReferenceAnchor = BCC853F72DB74BBC00C9A44B /* homete */;
			baseConfigurationReferenceRelativePath = Resouces/config/Common.xcconfig;
			buildSettings = {
				ALWAYS_SEARCH_USER_PATHS = NO;
				ASSETCATALOG_COMPILER_GENERATE_SWIFT_ASSET_SYMBOL_EXTENSIONS = YES;
				CLANG_ANALYZER_NONNULL = YES;
				CLANG_ANALYZER_NUMBER_OBJECT_CONVERSION = YES_AGGRESSIVE;
				CLANG_CXX_LANGUAGE_STANDARD = "gnu++20";
				CLANG_ENABLE_MODULES = YES;
				CLANG_ENABLE_OBJC_ARC = YES;
				CLANG_ENABLE_OBJC_WEAK = YES;
				CLANG_WARN_BLOCK_CAPTURE_AUTORELEASING = YES;
				CLANG_WARN_BOOL_CONVERSION = YES;
				CLANG_WARN_COMMA = YES;
				CLANG_WARN_CONSTANT_CONVERSION = YES;
				CLANG_WARN_DEPRECATED_OBJC_IMPLEMENTATIONS = YES;
				CLANG_WARN_DIRECT_OBJC_ISA_USAGE = YES_ERROR;
				CLANG_WARN_DOCUMENTATION_COMMENTS = YES;
				CLANG_WARN_EMPTY_BODY = YES;
				CLANG_WARN_ENUM_CONVERSION = YES;
				CLANG_WARN_INFINITE_RECURSION = YES;
				CLANG_WARN_INT_CONVERSION = YES;
				CLANG_WARN_NON_LITERAL_NULL_CONVERSION = YES;
				CLANG_WARN_OBJC_IMPLICIT_RETAIN_SELF = YES;
				CLANG_WARN_OBJC_LITERAL_CONVERSION = YES;
				CLANG_WARN_OBJC_ROOT_CLASS = YES_ERROR;
				CLANG_WARN_QUOTED_INCLUDE_IN_FRAMEWORK_HEADER = YES;
				CLANG_WARN_RANGE_LOOP_ANALYSIS = YES;
				CLANG_WARN_STRICT_PROTOTYPES = YES;
				CLANG_WARN_SUSPICIOUS_MOVE = YES;
				CLANG_WARN_UNGUARDED_AVAILABILITY = YES_AGGRESSIVE;
				CLANG_WARN_UNREACHABLE_CODE = YES;
				CLANG_WARN__DUPLICATE_METHOD_MATCH = YES;
				COPY_PHASE_STRIP = NO;
				DEBUG_INFORMATION_FORMAT = dwarf;
				DEVELOPMENT_TEAM = 56LYVN6DMF;
				ENABLE_STRICT_OBJC_MSGSEND = YES;
				ENABLE_TESTABILITY = YES;
				ENABLE_USER_SCRIPT_SANDBOXING = YES;
				GCC_C_LANGUAGE_STANDARD = gnu17;
				GCC_DYNAMIC_NO_PIC = NO;
				GCC_NO_COMMON_BLOCKS = YES;
				GCC_OPTIMIZATION_LEVEL = 0;
				GCC_PREPROCESSOR_DEFINITIONS = (
					"DEBUG=1",
					"$(inherited)",
				);
				GCC_WARN_64_TO_32_BIT_CONVERSION = YES;
				GCC_WARN_ABOUT_RETURN_TYPE = YES_ERROR;
				GCC_WARN_UNDECLARED_SELECTOR = YES;
				GCC_WARN_UNINITIALIZED_AUTOS = YES_AGGRESSIVE;
				GCC_WARN_UNUSED_FUNCTION = YES;
				GCC_WARN_UNUSED_VARIABLE = YES;
				IPHONEOS_DEPLOYMENT_TARGET = 18.4;
				LOCALIZATION_PREFERS_STRING_CATALOGS = YES;
				MTL_ENABLE_DEBUG_INFO = INCLUDE_SOURCE;
				MTL_FAST_MATH = YES;
				ONLY_ACTIVE_ARCH = YES;
				SDKROOT = iphoneos;
				SWIFT_ACTIVE_COMPILATION_CONDITIONS = "DEBUG $(inherited)";
				SWIFT_EMIT_LOC_STRINGS = YES;
				SWIFT_OPTIMIZATION_LEVEL = "-Onone";
				SWIFT_VERSION = 6.0;
			};
			name = Debug;
		};
		BCC854152DB74BBF00C9A44B /* Release */ = {
			isa = XCBuildConfiguration;
			baseConfigurationReferenceAnchor = BCC853F72DB74BBC00C9A44B /* homete */;
			baseConfigurationReferenceRelativePath = Resouces/config/Common.xcconfig;
			buildSettings = {
				ALWAYS_SEARCH_USER_PATHS = NO;
				ASSETCATALOG_COMPILER_GENERATE_SWIFT_ASSET_SYMBOL_EXTENSIONS = YES;
				CLANG_ANALYZER_NONNULL = YES;
				CLANG_ANALYZER_NUMBER_OBJECT_CONVERSION = YES_AGGRESSIVE;
				CLANG_CXX_LANGUAGE_STANDARD = "gnu++20";
				CLANG_ENABLE_MODULES = YES;
				CLANG_ENABLE_OBJC_ARC = YES;
				CLANG_ENABLE_OBJC_WEAK = YES;
				CLANG_WARN_BLOCK_CAPTURE_AUTORELEASING = YES;
				CLANG_WARN_BOOL_CONVERSION = YES;
				CLANG_WARN_COMMA = YES;
				CLANG_WARN_CONSTANT_CONVERSION = YES;
				CLANG_WARN_DEPRECATED_OBJC_IMPLEMENTATIONS = YES;
				CLANG_WARN_DIRECT_OBJC_ISA_USAGE = YES_ERROR;
				CLANG_WARN_DOCUMENTATION_COMMENTS = YES;
				CLANG_WARN_EMPTY_BODY = YES;
				CLANG_WARN_ENUM_CONVERSION = YES;
				CLANG_WARN_INFINITE_RECURSION = YES;
				CLANG_WARN_INT_CONVERSION = YES;
				CLANG_WARN_NON_LITERAL_NULL_CONVERSION = YES;
				CLANG_WARN_OBJC_IMPLICIT_RETAIN_SELF = YES;
				CLANG_WARN_OBJC_LITERAL_CONVERSION = YES;
				CLANG_WARN_OBJC_ROOT_CLASS = YES_ERROR;
				CLANG_WARN_QUOTED_INCLUDE_IN_FRAMEWORK_HEADER = YES;
				CLANG_WARN_RANGE_LOOP_ANALYSIS = YES;
				CLANG_WARN_STRICT_PROTOTYPES = YES;
				CLANG_WARN_SUSPICIOUS_MOVE = YES;
				CLANG_WARN_UNGUARDED_AVAILABILITY = YES_AGGRESSIVE;
				CLANG_WARN_UNREACHABLE_CODE = YES;
				CLANG_WARN__DUPLICATE_METHOD_MATCH = YES;
				COPY_PHASE_STRIP = NO;
				DEBUG_INFORMATION_FORMAT = "dwarf-with-dsym";
				DEVELOPMENT_TEAM = 56LYVN6DMF;
				ENABLE_NS_ASSERTIONS = NO;
				ENABLE_STRICT_OBJC_MSGSEND = YES;
				ENABLE_USER_SCRIPT_SANDBOXING = YES;
				GCC_C_LANGUAGE_STANDARD = gnu17;
				GCC_NO_COMMON_BLOCKS = YES;
				GCC_WARN_64_TO_32_BIT_CONVERSION = YES;
				GCC_WARN_ABOUT_RETURN_TYPE = YES_ERROR;
				GCC_WARN_UNDECLARED_SELECTOR = YES;
				GCC_WARN_UNINITIALIZED_AUTOS = YES_AGGRESSIVE;
				GCC_WARN_UNUSED_FUNCTION = YES;
				GCC_WARN_UNUSED_VARIABLE = YES;
				IPHONEOS_DEPLOYMENT_TARGET = 18.4;
				LOCALIZATION_PREFERS_STRING_CATALOGS = YES;
				MTL_ENABLE_DEBUG_INFO = NO;
				MTL_FAST_MATH = YES;
				SDKROOT = iphoneos;
				SWIFT_COMPILATION_MODE = wholemodule;
				SWIFT_EMIT_LOC_STRINGS = YES;
				SWIFT_VERSION = 6.0;
				VALIDATE_PRODUCT = YES;
			};
			name = Release;
		};
		BCC854172DB74BBF00C9A44B /* Debug */ = {
			isa = XCBuildConfiguration;
			buildSettings = {
				ASSETCATALOG_COMPILER_APPICON_NAME = AppIcon;
				ASSETCATALOG_COMPILER_GLOBAL_ACCENT_COLOR_NAME = AccentColor;
				CODE_SIGN_ENTITLEMENTS = homete/hometeDebug.entitlements;
				CODE_SIGN_IDENTITY = "Apple Development";
				"CODE_SIGN_IDENTITY[sdk=iphoneos*]" = "iPhone Developer";
				CODE_SIGN_STYLE = Manual;
				CURRENT_PROJECT_VERSION = 1;
				DEVELOPMENT_TEAM = "";
				"DEVELOPMENT_TEAM[sdk=iphoneos*]" = 56LYVN6DMF;
				ENABLE_PREVIEWS = YES;
				ENABLE_USER_SCRIPT_SANDBOXING = NO;
				GENERATE_INFOPLIST_FILE = YES;
				INFOPLIST_FILE = homete/Info.plist;
				INFOPLIST_KEY_ITSAppUsesNonExemptEncryption = NO;
				INFOPLIST_KEY_NSLocalNetworkUsageDescription = "パートナーの登録を行うために使用します";
				INFOPLIST_KEY_UIApplicationSceneManifest_Generation = YES;
				INFOPLIST_KEY_UIApplicationSupportsIndirectInputEvents = YES;
				INFOPLIST_KEY_UILaunchScreen_Generation = YES;
				INFOPLIST_KEY_UISupportedInterfaceOrientations_iPad = "UIInterfaceOrientationPortrait UIInterfaceOrientationPortraitUpsideDown UIInterfaceOrientationLandscapeLeft UIInterfaceOrientationLandscapeRight";
				INFOPLIST_KEY_UISupportedInterfaceOrientations_iPhone = "UIInterfaceOrientationPortrait UIInterfaceOrientationLandscapeLeft UIInterfaceOrientationLandscapeRight";
				IPHONEOS_DEPLOYMENT_TARGET = 17.0;
				LD_RUNPATH_SEARCH_PATHS = (
					"$(inherited)",
					"@executable_path/Frameworks",
				);
				MARKETING_VERSION = 1.0.0;
				PRODUCT_BUNDLE_IDENTIFIER = taichi.satou.hometekure.dev;
				PRODUCT_NAME = "$(TARGET_NAME)";
				PROVISIONING_PROFILE_SPECIFIER = "";
				"PROVISIONING_PROFILE_SPECIFIER[sdk=iphoneos*]" = "match Development taichi.satou.hometekure.dev";
				SUPPORTED_PLATFORMS = "iphoneos iphonesimulator";
				SUPPORTS_MACCATALYST = NO;
				SUPPORTS_MAC_DESIGNED_FOR_IPHONE_IPAD = NO;
				SUPPORTS_XR_DESIGNED_FOR_IPHONE_IPAD = NO;
				SWIFT_EMIT_LOC_STRINGS = YES;
				SWIFT_UPCOMING_FEATURE_EXISTENTIAL_ANY = YES;
				SWIFT_UPCOMING_FEATURE_INTERNAL_IMPORTS_BY_DEFAULT = YES;
				SWIFT_UPCOMING_FEATURE_MEMBER_IMPORT_VISIBILITY = YES;
				SWIFT_VERSION = 6.0;
				TARGETED_DEVICE_FAMILY = "1,2";
			};
			name = Debug;
		};
		BCC854182DB74BBF00C9A44B /* Release */ = {
			isa = XCBuildConfiguration;
			buildSettings = {
				ASSETCATALOG_COMPILER_APPICON_NAME = AppIcon;
				ASSETCATALOG_COMPILER_GLOBAL_ACCENT_COLOR_NAME = AccentColor;
				CODE_SIGN_ENTITLEMENTS = homete/hometeRelease.entitlements;
				"CODE_SIGN_IDENTITY[sdk=iphoneos*]" = "iPhone Distribution";
				CODE_SIGN_STYLE = Manual;
				CURRENT_PROJECT_VERSION = 1;
				DEVELOPMENT_TEAM = "";
				"DEVELOPMENT_TEAM[sdk=iphoneos*]" = 56LYVN6DMF;
				ENABLE_PREVIEWS = YES;
				ENABLE_USER_SCRIPT_SANDBOXING = NO;
				GENERATE_INFOPLIST_FILE = YES;
				INFOPLIST_FILE = homete/Info.plist;
				INFOPLIST_KEY_ITSAppUsesNonExemptEncryption = NO;
				INFOPLIST_KEY_NSLocalNetworkUsageDescription = "パートナーの登録を行うために使用します";
				INFOPLIST_KEY_UIApplicationSceneManifest_Generation = YES;
				INFOPLIST_KEY_UIApplicationSupportsIndirectInputEvents = YES;
				INFOPLIST_KEY_UILaunchScreen_Generation = YES;
				INFOPLIST_KEY_UISupportedInterfaceOrientations_iPad = "UIInterfaceOrientationPortrait UIInterfaceOrientationPortraitUpsideDown UIInterfaceOrientationLandscapeLeft UIInterfaceOrientationLandscapeRight";
				INFOPLIST_KEY_UISupportedInterfaceOrientations_iPhone = "UIInterfaceOrientationPortrait UIInterfaceOrientationLandscapeLeft UIInterfaceOrientationLandscapeRight";
				IPHONEOS_DEPLOYMENT_TARGET = 17.0;
				LD_RUNPATH_SEARCH_PATHS = (
					"$(inherited)",
					"@executable_path/Frameworks",
				);
				MARKETING_VERSION = 1.0.0;
				PRODUCT_BUNDLE_IDENTIFIER = taichi.satou.hometekure;
				PRODUCT_NAME = "$(TARGET_NAME)";
				PROVISIONING_PROFILE_SPECIFIER = "";
				"PROVISIONING_PROFILE_SPECIFIER[sdk=iphoneos*]" = "match AppStore taichi.satou.hometekure";
				SUPPORTED_PLATFORMS = "iphoneos iphonesimulator";
				SUPPORTS_MACCATALYST = NO;
				SUPPORTS_MAC_DESIGNED_FOR_IPHONE_IPAD = NO;
				SUPPORTS_XR_DESIGNED_FOR_IPHONE_IPAD = NO;
				SWIFT_EMIT_LOC_STRINGS = YES;
				SWIFT_UPCOMING_FEATURE_EXISTENTIAL_ANY = YES;
				SWIFT_UPCOMING_FEATURE_INTERNAL_IMPORTS_BY_DEFAULT = YES;
				SWIFT_UPCOMING_FEATURE_MEMBER_IMPORT_VISIBILITY = YES;
				SWIFT_VERSION = 6.0;
				TARGETED_DEVICE_FAMILY = "1,2";
			};
			name = Release;
		};
		BCC8541A2DB74BBF00C9A44B /* Debug */ = {
			isa = XCBuildConfiguration;
			buildSettings = {
				BUNDLE_LOADER = "$(TEST_HOST)";
				CLANG_ENABLE_MODULES = YES;
				CODE_SIGN_STYLE = Automatic;
				CURRENT_PROJECT_VERSION = 1;
				DEVELOPMENT_TEAM = 56LYVN6DMF;
				ENABLE_USER_SCRIPT_SANDBOXING = NO;
				GENERATE_INFOPLIST_FILE = YES;
				IPHONEOS_DEPLOYMENT_TARGET = 17.0;
				MARKETING_VERSION = 1.0;
				PRODUCT_BUNDLE_IDENTIFIER = taichi.satou.hometeTests;
				PRODUCT_NAME = "$(TARGET_NAME)";
				SUPPORTED_PLATFORMS = "iphoneos iphonesimulator";
				SUPPORTS_MACCATALYST = NO;
				SUPPORTS_MAC_DESIGNED_FOR_IPHONE_IPAD = NO;
				SUPPORTS_XR_DESIGNED_FOR_IPHONE_IPAD = NO;
				SWIFT_EMIT_LOC_STRINGS = NO;
				SWIFT_OPTIMIZATION_LEVEL = "-Onone";
				SWIFT_VERSION = 5.0;
				TARGETED_DEVICE_FAMILY = "1,2";
				TEST_HOST = "$(BUILT_PRODUCTS_DIR)/homete.app/$(BUNDLE_EXECUTABLE_FOLDER_PATH)/homete";
			};
			name = Debug;
		};
		BCC8541B2DB74BBF00C9A44B /* Release */ = {
			isa = XCBuildConfiguration;
			buildSettings = {
				BUNDLE_LOADER = "$(TEST_HOST)";
				CLANG_ENABLE_MODULES = YES;
				CODE_SIGN_STYLE = Automatic;
				CURRENT_PROJECT_VERSION = 1;
				DEVELOPMENT_TEAM = 56LYVN6DMF;
				ENABLE_USER_SCRIPT_SANDBOXING = NO;
				GENERATE_INFOPLIST_FILE = YES;
				IPHONEOS_DEPLOYMENT_TARGET = 17.0;
				MARKETING_VERSION = 1.0;
				PRODUCT_BUNDLE_IDENTIFIER = taichi.satou.hometeTests;
				PRODUCT_NAME = "$(TARGET_NAME)";
				SUPPORTED_PLATFORMS = "iphoneos iphonesimulator";
				SUPPORTS_MACCATALYST = NO;
				SUPPORTS_MAC_DESIGNED_FOR_IPHONE_IPAD = NO;
				SUPPORTS_XR_DESIGNED_FOR_IPHONE_IPAD = NO;
				SWIFT_EMIT_LOC_STRINGS = NO;
				SWIFT_VERSION = 5.0;
				TARGETED_DEVICE_FAMILY = "1,2";
				TEST_HOST = "$(BUILT_PRODUCTS_DIR)/homete.app/$(BUNDLE_EXECUTABLE_FOLDER_PATH)/homete";
			};
			name = Release;
		};
/* End XCBuildConfiguration section */

/* Begin XCConfigurationList section */
		BC1BB26E2E909B8C001D168F /* Build configuration list for PBXNativeTarget "hometeSnapshotTests" */ = {
			isa = XCConfigurationList;
			buildConfigurations = (
				BC1BB26F2E909B8C001D168F /* Debug */,
				BC1BB2702E909B8C001D168F /* Release */,
			);
			defaultConfigurationIsVisible = 0;
			defaultConfigurationName = Release;
		};
		BCC853F02DB74BBC00C9A44B /* Build configuration list for PBXProject "homete" */ = {
			isa = XCConfigurationList;
			buildConfigurations = (
				BCC854142DB74BBF00C9A44B /* Debug */,
				BCC854152DB74BBF00C9A44B /* Release */,
			);
			defaultConfigurationIsVisible = 0;
			defaultConfigurationName = Release;
		};
		BCC854162DB74BBF00C9A44B /* Build configuration list for PBXNativeTarget "homete" */ = {
			isa = XCConfigurationList;
			buildConfigurations = (
				BCC854172DB74BBF00C9A44B /* Debug */,
				BCC854182DB74BBF00C9A44B /* Release */,
			);
			defaultConfigurationIsVisible = 0;
			defaultConfigurationName = Release;
		};
		BCC854192DB74BBF00C9A44B /* Build configuration list for PBXNativeTarget "hometeTests" */ = {
			isa = XCConfigurationList;
			buildConfigurations = (
				BCC8541A2DB74BBF00C9A44B /* Debug */,
				BCC8541B2DB74BBF00C9A44B /* Release */,
			);
			defaultConfigurationIsVisible = 0;
			defaultConfigurationName = Release;
		};
/* End XCConfigurationList section */

/* Begin XCRemoteSwiftPackageReference section */
		BC1BB2612E909B50001D168F /* XCRemoteSwiftPackageReference "swift-snapshot-testing" */ = {
			isa = XCRemoteSwiftPackageReference;
			repositoryURL = "https://github.com/pointfreeco/swift-snapshot-testing.git";
			requirement = {
				kind = exactVersion;
				version = 1.18.7;
			};
		};
		BC4701F92E9A0F3D006CC530 /* XCRemoteSwiftPackageReference "Prefire" */ = {
			isa = XCRemoteSwiftPackageReference;
			repositoryURL = "https://github.com/BarredEwe/Prefire.git";
			requirement = {
				kind = exactVersion;
				version = 5.1.0;
			};
		};
		BCB8DAFC2E36FC7100FFB4E1 /* XCRemoteSwiftPackageReference "firebase-ios-sdk" */ = {
			isa = XCRemoteSwiftPackageReference;
			repositoryURL = "https://github.com/firebase/firebase-ios-sdk.git";
			requirement = {
				kind = exactVersion;
				version = 12.0.0;
			};
		};
/* End XCRemoteSwiftPackageReference section */

/* Begin XCSwiftPackageProductDependency section */
		BC0CF70C2E77B3A500DC31CA /* FirebaseMessaging */ = {
			isa = XCSwiftPackageProductDependency;
			package = BCB8DAFC2E36FC7100FFB4E1 /* XCRemoteSwiftPackageReference "firebase-ios-sdk" */;
			productName = FirebaseMessaging;
		};
		BC0CF7112E7863B500DC31CA /* FirebaseFunctions */ = {
			isa = XCSwiftPackageProductDependency;
			package = BCB8DAFC2E36FC7100FFB4E1 /* XCRemoteSwiftPackageReference "firebase-ios-sdk" */;
			productName = FirebaseFunctions;
		};
		BC1BB2712E909B99001D168F /* SnapshotTesting */ = {
			isa = XCSwiftPackageProductDependency;
			package = BC1BB2612E909B50001D168F /* XCRemoteSwiftPackageReference "swift-snapshot-testing" */;
			productName = SnapshotTesting;
		};
		BC2E372B2E3DE189005BD910 /* FirebaseAuth */ = {
			isa = XCSwiftPackageProductDependency;
			package = BCB8DAFC2E36FC7100FFB4E1 /* XCRemoteSwiftPackageReference "firebase-ios-sdk" */;
			productName = FirebaseAuth;
		};
		BC4701FA2E9A0F3D006CC530 /* Prefire */ = {
			isa = XCSwiftPackageProductDependency;
			package = BC4701F92E9A0F3D006CC530 /* XCRemoteSwiftPackageReference "Prefire" */;
			productName = Prefire;
		};
		BC4701FC2E9A0F49006CC530 /* PrefireTestsPlugin */ = {
			isa = XCSwiftPackageProductDependency;
			package = BC4701F92E9A0F3D006CC530 /* XCRemoteSwiftPackageReference "Prefire" */;
			productName = "plugin:PrefireTestsPlugin";
		};
		BC47E6A52E47240F00308562 /* FirebaseFirestore */ = {
			isa = XCSwiftPackageProductDependency;
			package = BCB8DAFC2E36FC7100FFB4E1 /* XCRemoteSwiftPackageReference "firebase-ios-sdk" */;
			productName = FirebaseFirestore;
		};
		BCB8DAFD2E36FC7200FFB4E1 /* FirebaseAnalytics */ = {
			isa = XCSwiftPackageProductDependency;
			package = BCB8DAFC2E36FC7100FFB4E1 /* XCRemoteSwiftPackageReference "firebase-ios-sdk" */;
			productName = FirebaseAnalytics;
		};
		BCB8DB172E37B3F900FFB4E1 /* FirebaseCrashlytics */ = {
			isa = XCSwiftPackageProductDependency;
			package = BCB8DAFC2E36FC7100FFB4E1 /* XCRemoteSwiftPackageReference "firebase-ios-sdk" */;
			productName = FirebaseCrashlytics;
		};
/* End XCSwiftPackageProductDependency section */
	};
	rootObject = BCC853ED2DB74BBC00C9A44B /* Project object */;
}
